
Microsoft Visual Studio Solution File, Format Version 12.00
# Visual Studio 15
VisualStudioVersion = 15.0.28307.1433
MinimumVisualStudioVersion = 10.0.40219.1
Project("{FAE04EC0-301F-11D3-BF4B-00C04F79EFBC}") = "TestCrystalReportProj", "TestCrystalReportProj\TestCrystalReportProj.csproj", "{527C6134-14D0-461E-9BEA-FC9ED735FE87}"
EndProject
Global
	GlobalSection(SolutionConfigurationPlatforms) = preSolution
		Debug|Any CPU = Debug|Any CPU
		Release|Any CPU = Release|Any CPU
	EndGlobalSection
	GlobalSection(ProjectConfigurationPlatforms) = postSolution
		{527C6134-14D0-461E-9BEA-FC9ED735FE87}.Debug|Any CPU.ActiveCfg = Debug|Any CPU
		{527C6134-14D0-461E-9BEA-FC9ED735FE87}.Debug|Any CPU.Build.0 = Debug|Any CPU
		{527C6134-14D0-461E-9BEA-FC9ED735FE87}.Release|Any CPU.ActiveCfg = Release|Any CPU
		{527C6134-14D0-461E-9BEA-FC9ED735FE87}.Release|Any CPU.Build.0 = Release|Any CPU
	EndGlobalSection
	GlobalSection(SolutionProperties) = preSolution
		HideSolutionNode = FALSE
	EndGlobalSection
	GlobalSection(ExtensibilityGlobals) = postSolution
		SolutionGuid = {64702332-8FBD-4499-B6AE-AE6E82B68E6A}
	EndGlobalSection
EndGlobal
